
Microsoft Visual Studio Solution File, Format Version 12.00
# Visual Studio Version 16
VisualStudioVersion = 16.0.31229.75
MinimumVisualStudioVersion = 10.0.40219.1
Project("{FAE04EC0-301F-11D3-BF4B-00C04F79EFBC}") = "ModelBindingSecureString", "ModelBindingSecureString\ModelBindingSecureString.csproj", "{AE185542-769E-464B-968B-A054F3323AF0}"
EndProject
Global
	GlobalSection(SolutionConfigurationPlatforms) = preSolution
		Debug|Any CPU = Debug|Any CPU
		Release|Any CPU = Release|Any CPU
	EndGlobalSection
	GlobalSection(ProjectConfigurationPlatforms) = postSolution
		{AE185542-769E-464B-968B-A054F3323AF0}.Debug|Any CPU.ActiveCfg = Debug|Any CPU
		{AE185542-769E-464B-968B-A054F3323AF0}.Debug|Any CPU.Build.0 = Debug|Any CPU
		{AE185542-769E-464B-968B-A054F3323AF0}.Release|Any CPU.ActiveCfg = Release|Any CPU
		{AE185542-769E-464B-968B-A054F3323AF0}.Release|Any CPU.Build.0 = Release|Any CPU
	EndGlobalSection
	GlobalSection(SolutionProperties) = preSolution
		HideSolutionNode = FALSE
	EndGlobalSection
	GlobalSection(ExtensibilityGlobals) = postSolution
		SolutionGuid = {A3299C9B-BE64-46E7-9EA1-B33535CAA956}
	EndGlobalSection
EndGlobal
